// !$*UTF8*$!
{
	archiveVersion = 1;
	classes = {
	};
	objectVersion = 56;
	objects = {

/* Begin PBXBuildFile section */
		4A11040C2A8545E2002CE3F5 /* FetchController.swift in Sources */ = {isa = PBXBuildFile; fileRef = 4A11040B2A8545E2002CE3F5 /* FetchController.swift */; };
		4A11040E2A854DE1002CE3F5 /* PokemonViewModel.swift in Sources */ = {isa = PBXBuildFile; fileRef = 4A11040D2A854DE1002CE3F5 /* PokemonViewModel.swift */; };
		4A1104102A8563C6002CE3F5 /* PokemonDetail.swift in Sources */ = {isa = PBXBuildFile; fileRef = 4A11040F2A8563C6002CE3F5 /* PokemonDetail.swift */; };
		4A1104122A8564D3002CE3F5 /* SamplePokemon.swift in Sources */ = {isa = PBXBuildFile; fileRef = 4A1104112A8564D3002CE3F5 /* SamplePokemon.swift */; };
		4A1104142A859B58002CE3F5 /* Pokemon+Ext.swift in Sources */ = {isa = PBXBuildFile; fileRef = 4A1104132A859B58002CE3F5 /* Pokemon+Ext.swift */; };
		4A1104162A85AC12002CE3F5 /* StatsView.swift in Sources */ = {isa = PBXBuildFile; fileRef = 4A1104152A85AC12002CE3F5 /* StatsView.swift */; };
		4A74E05B2A840D150052543A /* TempPokemon.swift in Sources */ = {isa = PBXBuildFile; fileRef = 4A74E05A2A840D150052543A /* TempPokemon.swift */; };
		4A8E9C8A2A82F46500F8463E /* PokedexApp.swift in Sources */ = {isa = PBXBuildFile; fileRef = 4A8E9C892A82F46500F8463E /* PokedexApp.swift */; };
		4A8E9C8C2A82F46500F8463E /* ContentView.swift in Sources */ = {isa = PBXBuildFile; fileRef = 4A8E9C8B2A82F46500F8463E /* ContentView.swift */; };
		4A8E9C8E2A82F46600F8463E /* Assets.xcassets in Resources */ = {isa = PBXBuildFile; fileRef = 4A8E9C8D2A82F46600F8463E /* Assets.xcassets */; };
		4A8E9C912A82F46600F8463E /* Preview Assets.xcassets in Resources */ = {isa = PBXBuildFile; fileRef = 4A8E9C902A82F46600F8463E /* Preview Assets.xcassets */; };
		4A8E9C932A82F46600F8463E /* Persistence.swift in Sources */ = {isa = PBXBuildFile; fileRef = 4A8E9C922A82F46600F8463E /* Persistence.swift */; };
		4A8E9C962A82F46600F8463E /* Pokedex.xcdatamodeld in Sources */ = {isa = PBXBuildFile; fileRef = 4A8E9C942A82F46600F8463E /* Pokedex.xcdatamodeld */; };
/* End PBXBuildFile section */

/* Begin PBXFileReference section */
		4A11040B2A8545E2002CE3F5 /* FetchController.swift */ = {isa = PBXFileReference; lastKnownFileType = sourcecode.swift; path = FetchController.swift; sourceTree = "<group>"; };
		4A11040D2A854DE1002CE3F5 /* PokemonViewModel.swift */ = {isa = PBXFileReference; lastKnownFileType = sourcecode.swift; path = PokemonViewModel.swift; sourceTree = "<group>"; };
		4A11040F2A8563C6002CE3F5 /* PokemonDetail.swift */ = {isa = PBXFileReference; lastKnownFileType = sourcecode.swift; path = PokemonDetail.swift; sourceTree = "<group>"; };
		4A1104112A8564D3002CE3F5 /* SamplePokemon.swift */ = {isa = PBXFileReference; lastKnownFileType = sourcecode.swift; path = SamplePokemon.swift; sourceTree = "<group>"; };
		4A1104132A859B58002CE3F5 /* Pokemon+Ext.swift */ = {isa = PBXFileReference; lastKnownFileType = sourcecode.swift; path = "Pokemon+Ext.swift"; sourceTree = "<group>"; };
		4A1104152A85AC12002CE3F5 /* StatsView.swift */ = {isa = PBXFileReference; lastKnownFileType = sourcecode.swift; path = StatsView.swift; sourceTree = "<group>"; };
		4A74E05A2A840D150052543A /* TempPokemon.swift */ = {isa = PBXFileReference; lastKnownFileType = sourcecode.swift; path = TempPokemon.swift; sourceTree = "<group>"; };
		4A8E9C862A82F46500F8463E /* Pokedex.app */ = {isa = PBXFileReference; explicitFileType = wrapper.application; includeInIndex = 0; path = Pokedex.app; sourceTree = BUILT_PRODUCTS_DIR; };
		4A8E9C892A82F46500F8463E /* PokedexApp.swift */ = {isa = PBXFileReference; lastKnownFileType = sourcecode.swift; path = PokedexApp.swift; sourceTree = "<group>"; };
		4A8E9C8B2A82F46500F8463E /* ContentView.swift */ = {isa = PBXFileReference; lastKnownFileType = sourcecode.swift; path = ContentView.swift; sourceTree = "<group>"; };
		4A8E9C8D2A82F46600F8463E /* Assets.xcassets */ = {isa = PBXFileReference; lastKnownFileType = folder.assetcatalog; path = Assets.xcassets; sourceTree = "<group>"; };
		4A8E9C902A82F46600F8463E /* Preview Assets.xcassets */ = {isa = PBXFileReference; lastKnownFileType = folder.assetcatalog; path = "Preview Assets.xcassets"; sourceTree = "<group>"; };
		4A8E9C922A82F46600F8463E /* Persistence.swift */ = {isa = PBXFileReference; lastKnownFileType = sourcecode.swift; path = Persistence.swift; sourceTree = "<group>"; };
		4A8E9C952A82F46600F8463E /* Pokedex.xcdatamodel */ = {isa = PBXFileReference; lastKnownFileType = wrapper.xcdatamodel; path = Pokedex.xcdatamodel; sourceTree = "<group>"; };
/* End PBXFileReference section */

/* Begin PBXFrameworksBuildPhase section */
		4A8E9C832A82F46500F8463E /* Frameworks */ = {
			isa = PBXFrameworksBuildPhase;
			buildActionMask = 2147483647;
			files = (
			);
			runOnlyForDeploymentPostprocessing = 0;
		};
/* End PBXFrameworksBuildPhase section */

/* Begin PBXGroup section */
		4A8E9C7D2A82F46500F8463E = {
			isa = PBXGroup;
			children = (
				4A8E9C882A82F46500F8463E /* Pokedex */,
				4A8E9C872A82F46500F8463E /* Products */,
			);
			sourceTree = "<group>";
		};
		4A8E9C872A82F46500F8463E /* Products */ = {
			isa = PBXGroup;
			children = (
				4A8E9C862A82F46500F8463E /* Pokedex.app */,
			);
			name = Products;
			sourceTree = "<group>";
		};
		4A8E9C882A82F46500F8463E /* Pokedex */ = {
			isa = PBXGroup;
			children = (
				4A8E9C892A82F46500F8463E /* PokedexApp.swift */,
				4A8E9C8B2A82F46500F8463E /* ContentView.swift */,
				4A74E05A2A840D150052543A /* TempPokemon.swift */,
				4A11040B2A8545E2002CE3F5 /* FetchController.swift */,
				4A11040D2A854DE1002CE3F5 /* PokemonViewModel.swift */,
				4A11040F2A8563C6002CE3F5 /* PokemonDetail.swift */,
				4A1104152A85AC12002CE3F5 /* StatsView.swift */,
				4A1104112A8564D3002CE3F5 /* SamplePokemon.swift */,
				4A8E9C922A82F46600F8463E /* Persistence.swift */,
				4A1104132A859B58002CE3F5 /* Pokemon+Ext.swift */,
				4A8E9C942A82F46600F8463E /* Pokedex.xcdatamodeld */,
				4A8E9C8D2A82F46600F8463E /* Assets.xcassets */,
				4A8E9C8F2A82F46600F8463E /* Preview Content */,
			);
			path = Pokedex;
			sourceTree = "<group>";
		};
		4A8E9C8F2A82F46600F8463E /* Preview Content */ = {
			isa = PBXGroup;
			children = (
				4A8E9C902A82F46600F8463E /* Preview Assets.xcassets */,
			);
			path = "Preview Content";
			sourceTree = "<group>";
		};
/* End PBXGroup section */

/* Begin PBXNativeTarget section */
		4A8E9C852A82F46500F8463E /* Pokedex */ = {
			isa = PBXNativeTarget;
			buildConfigurationList = 4A8E9C992A82F46600F8463E /* Build configuration list for PBXNativeTarget "Pokedex" */;
			buildPhases = (
				4A8E9C822A82F46500F8463E /* Sources */,
				4A8E9C832A82F46500F8463E /* Frameworks */,
				4A8E9C842A82F46500F8463E /* Resources */,
			);
			buildRules = (
			);
			dependencies = (
			);
			name = Pokedex;
			productName = Pokedex;
			productReference = 4A8E9C862A82F46500F8463E /* Pokedex.app */;
			productType = "com.apple.product-type.application";
		};
/* End PBXNativeTarget section */

/* Begin PBXProject section */
		4A8E9C7E2A82F46500F8463E /* Project object */ = {
			isa = PBXProject;
			attributes = {
				BuildIndependentTargetsInParallel = 1;
				LastSwiftUpdateCheck = 1430;
				LastUpgradeCheck = 1430;
				TargetAttributes = {
					4A8E9C852A82F46500F8463E = {
						CreatedOnToolsVersion = 14.3.1;
					};
				};
			};
			buildConfigurationList = 4A8E9C812A82F46500F8463E /* Build configuration list for PBXProject "Pokedex" */;
			compatibilityVersion = "Xcode 14.0";
			developmentRegion = en;
			hasScannedForEncodings = 0;
			knownRegions = (
				en,
				Base,
			);
			mainGroup = 4A8E9C7D2A82F46500F8463E;
			productRefGroup = 4A8E9C872A82F46500F8463E /* Products */;
			projectDirPath = "";
			projectRoot = "";
			targets = (
				4A8E9C852A82F46500F8463E /* Pokedex */,
			);
		};
/* End PBXProject section */

/* Begin PBXResourcesBuildPhase section */
		4A8E9C842A82F46500F8463E /* Resources */ = {
			isa = PBXResourcesBuildPhase;
			buildActionMask = 2147483647;
			files = (
				4A8E9C912A82F46600F8463E /* Preview Assets.xcassets in Resources */,
				4A8E9C8E2A82F46600F8463E /* Assets.xcassets in Resources */,
			);
			runOnlyForDeploymentPostprocessing = 0;
		};
/* End PBXResourcesBuildPhase section */

/* Begin PBXSourcesBuildPhase section */
		4A8E9C822A82F46500F8463E /* Sources */ = {
			isa = PBXSourcesBuildPhase;
			buildActionMask = 2147483647;
			files = (
				4A1104162A85AC12002CE3F5 /* StatsView.swift in Sources */,
				4A8E9C962A82F46600F8463E /* Pokedex.xcdatamodeld in Sources */,
				4A8E9C932A82F46600F8463E /* Persistence.swift in Sources */,
				4A1104102A8563C6002CE3F5 /* PokemonDetail.swift in Sources */,
				4A1104142A859B58002CE3F5 /* Pokemon+Ext.swift in Sources */,
				4A11040C2A8545E2002CE3F5 /* FetchController.swift in Sources */,
				4A1104122A8564D3002CE3F5 /* SamplePokemon.swift in Sources */,
				4A11040E2A854DE1002CE3F5 /* PokemonViewModel.swift in Sources */,
				4A74E05B2A840D150052543A /* TempPokemon.swift in Sources */,
				4A8E9C8C2A82F46500F8463E /* ContentView.swift in Sources */,
				4A8E9C8A2A82F46500F8463E /* PokedexApp.swift in Sources */,
			);
			runOnlyForDeploymentPostprocessing = 0;
		};
/* End PBXSourcesBuildPhase section */

/* Begin XCBuildConfiguration section */
		4A8E9C972A82F46600F8463E /* Debug */ = {
			isa = XCBuildConfiguration;
			buildSettings = {
				ALWAYS_SEARCH_USER_PATHS = NO;
				CLANG_ANALYZER_NONNULL = YES;
				CLANG_ANALYZER_NUMBER_OBJECT_CONVERSION = YES_AGGRESSIVE;
				CLANG_CXX_LANGUAGE_STANDARD = "gnu++20";
				CLANG_ENABLE_MODULES = YES;
				CLANG_ENABLE_OBJC_ARC = YES;
				CLANG_ENABLE_OBJC_WEAK = YES;
				CLANG_WARN_BLOCK_CAPTURE_AUTORELEASING = YES;
				CLANG_WARN_BOOL_CONVERSION = YES;
				CLANG_WARN_COMMA = YES;
				CLANG_WARN_CONSTANT_CONVERSION = YES;
				CLANG_WARN_DEPRECATED_OBJC_IMPLEMENTATIONS = YES;
				CLANG_WARN_DIRECT_OBJC_ISA_USAGE = YES_ERROR;
				CLANG_WARN_DOCUMENTATION_COMMENTS = YES;
				CLANG_WARN_EMPTY_BODY = YES;
				CLANG_WARN_ENUM_CONVERSION = YES;
				CLANG_WARN_INFINITE_RECURSION = YES;
				CLANG_WARN_INT_CONVERSION = YES;
				CLANG_WARN_NON_LITERAL_NULL_CONVERSION = YES;
				CLANG_WARN_OBJC_IMPLICIT_RETAIN_SELF = YES;
				CLANG_WARN_OBJC_LITERAL_CONVERSION = YES;
				CLANG_WARN_OBJC_ROOT_CLASS = YES_ERROR;
				CLANG_WARN_QUOTED_INCLUDE_IN_FRAMEWORK_HEADER = YES;
				CLANG_WARN_RANGE_LOOP_ANALYSIS = YES;
				CLANG_WARN_STRICT_PROTOTYPES = YES;
				CLANG_WARN_SUSPICIOUS_MOVE = YES;
				CLANG_WARN_UNGUARDED_AVAILABILITY = YES_AGGRESSIVE;
				CLANG_WARN_UNREACHABLE_CODE = YES;
				CLANG_WARN__DUPLICATE_METHOD_MATCH = YES;
				COPY_PHASE_STRIP = NO;
				DEBUG_INFORMATION_FORMAT = dwarf;
				ENABLE_STRICT_OBJC_MSGSEND = YES;
				ENABLE_TESTABILITY = YES;
				GCC_C_LANGUAGE_STANDARD = gnu11;
				GCC_DYNAMIC_NO_PIC = NO;
				GCC_NO_COMMON_BLOCKS = YES;
				GCC_OPTIMIZATION_LEVEL = 0;
				GCC_PREPROCESSOR_DEFINITIONS = (
					"DEBUG=1",
					"$(inherited)",
				);
				GCC_WARN_64_TO_32_BIT_CONVERSION = YES;
				GCC_WARN_ABOUT_RETURN_TYPE = YES_ERROR;
				GCC_WARN_UNDECLARED_SELECTOR = YES;
				GCC_WARN_UNINITIALIZED_AUTOS = YES_AGGRESSIVE;
				GCC_WARN_UNUSED_FUNCTION = YES;
				GCC_WARN_UNUSED_VARIABLE = YES;
				IPHONEOS_DEPLOYMENT_TARGET = 16.4;
				MTL_ENABLE_DEBUG_INFO = INCLUDE_SOURCE;
				MTL_FAST_MATH = YES;
				ONLY_ACTIVE_ARCH = YES;
				SDKROOT = iphoneos;
				SWIFT_ACTIVE_COMPILATION_CONDITIONS = DEBUG;
				SWIFT_OPTIMIZATION_LEVEL = "-Onone";
			};
			name = Debug;
		};
		4A8E9C982A82F46600F8463E /* Release */ = {
			isa = XCBuildConfiguration;
			buildSettings = {
				ALWAYS_SEARCH_USER_PATHS = NO;
				CLANG_ANALYZER_NONNULL = YES;
				CLANG_ANALYZER_NUMBER_OBJECT_CONVERSION = YES_AGGRESSIVE;
				CLANG_CXX_LANGUAGE_STANDARD = "gnu++20";
				CLANG_ENABLE_MODULES = YES;
				CLANG_ENABLE_OBJC_ARC = YES;
				CLANG_ENABLE_OBJC_WEAK = YES;
				CLANG_WARN_BLOCK_CAPTURE_AUTORELEASING = YES;
				CLANG_WARN_BOOL_CONVERSION = YES;
				CLANG_WARN_COMMA = YES;
				CLANG_WARN_CONSTANT_CONVERSION = YES;
				CLANG_WARN_DEPRECATED_OBJC_IMPLEMENTATIONS = YES;
				CLANG_WARN_DIRECT_OBJC_ISA_USAGE = YES_ERROR;
				CLANG_WARN_DOCUMENTATION_COMMENTS = YES;
				CLANG_WARN_EMPTY_BODY = YES;
				CLANG_WARN_ENUM_CONVERSION = YES;
				CLANG_WARN_INFINITE_RECURSION = YES;
				CLANG_WARN_INT_CONVERSION = YES;
				CLANG_WARN_NON_LITERAL_NULL_CONVERSION = YES;
				CLANG_WARN_OBJC_IMPLICIT_RETAIN_SELF = YES;
				CLANG_WARN_OBJC_LITERAL_CONVERSION = YES;
				CLANG_WARN_OBJC_ROOT_CLASS = YES_ERROR;
				CLANG_WARN_QUOTED_INCLUDE_IN_FRAMEWORK_HEADER = YES;
				CLANG_WARN_RANGE_LOOP_ANALYSIS = YES;
				CLANG_WARN_STRICT_PROTOTYPES = YES;
				CLANG_WARN_SUSPICIOUS_MOVE = YES;
				CLANG_WARN_UNGUARDED_AVAILABILITY = YES_AGGRESSIVE;
				CLANG_WARN_UNREACHABLE_CODE = YES;
				CLANG_WARN__DUPLICATE_METHOD_MATCH = YES;
				COPY_PHASE_STRIP = NO;
				DEBUG_INFORMATION_FORMAT = "dwarf-with-dsym";
				ENABLE_NS_ASSERTIONS = NO;
				ENABLE_STRICT_OBJC_MSGSEND = YES;
				GCC_C_LANGUAGE_STANDARD = gnu11;
				GCC_NO_COMMON_BLOCKS = YES;
				GCC_WARN_64_TO_32_BIT_CONVERSION = YES;
				GCC_WARN_ABOUT_RETURN_TYPE = YES_ERROR;
				GCC_WARN_UNDECLARED_SELECTOR = YES;
				GCC_WARN_UNINITIALIZED_AUTOS = YES_AGGRESSIVE;
				GCC_WARN_UNUSED_FUNCTION = YES;
				GCC_WARN_UNUSED_VARIABLE = YES;
				IPHONEOS_DEPLOYMENT_TARGET = 16.4;
				MTL_ENABLE_DEBUG_INFO = NO;
				MTL_FAST_MATH = YES;
				SDKROOT = iphoneos;
				SWIFT_COMPILATION_MODE = wholemodule;
				SWIFT_OPTIMIZATION_LEVEL = "-O";
				VALIDATE_PRODUCT = YES;
			};
			name = Release;
		};
		4A8E9C9A2A82F46600F8463E /* Debug */ = {
			isa = XCBuildConfiguration;
			buildSettings = {
				ASSETCATALOG_COMPILER_APPICON_NAME = AppIcon;
				ASSETCATALOG_COMPILER_GLOBAL_ACCENT_COLOR_NAME = AccentColor;
				CODE_SIGN_STYLE = Automatic;
				CURRENT_PROJECT_VERSION = 1;
				DEVELOPMENT_ASSET_PATHS = "\"Pokedex/Preview Content\"";
				DEVELOPMENT_TEAM = W765WFC8Q7;
				ENABLE_PREVIEWS = YES;
				GENERATE_INFOPLIST_FILE = YES;
				INFOPLIST_KEY_UIApplicationSceneManifest_Generation = YES;
				INFOPLIST_KEY_UIApplicationSupportsIndirectInputEvents = YES;
				INFOPLIST_KEY_UILaunchScreen_Generation = YES;
				INFOPLIST_KEY_UISupportedInterfaceOrientations_iPad = "UIInterfaceOrientationPortrait UIInterfaceOrientationPortraitUpsideDown UIInterfaceOrientationLandscapeLeft UIInterfaceOrientationLandscapeRight";
				INFOPLIST_KEY_UISupportedInterfaceOrientations_iPhone = "UIInterfaceOrientationPortrait UIInterfaceOrientationLandscapeLeft UIInterfaceOrientationLandscapeRight";
				LD_RUNPATH_SEARCH_PATHS = (
					"$(inherited)",
					"@executable_path/Frameworks",
				);
				MARKETING_VERSION = 1.0;
				PRODUCT_BUNDLE_IDENTIFIER = com.Pokedex;
				PRODUCT_NAME = "$(TARGET_NAME)";
				SWIFT_EMIT_LOC_STRINGS = YES;
				SWIFT_VERSION = 5.0;
				TARGETED_DEVICE_FAMILY = "1,2";
			};
			name = Debug;
		};
		4A8E9C9B2A82F46600F8463E /* Release */ = {
			isa = XCBuildConfiguration;
			buildSettings = {
				ASSETCATALOG_COMPILER_APPICON_NAME = AppIcon;
				ASSETCATALOG_COMPILER_GLOBAL_ACCENT_COLOR_NAME = AccentColor;
				CODE_SIGN_STYLE = Automatic;
				CURRENT_PROJECT_VERSION = 1;
				DEVELOPMENT_ASSET_PATHS = "\"Pokedex/Preview Content\"";
				DEVELOPMENT_TEAM = W765WFC8Q7;
				ENABLE_PREVIEWS = YES;
				GENERATE_INFOPLIST_FILE = YES;
				INFOPLIST_KEY_UIApplicationSceneManifest_Generation = YES;
				INFOPLIST_KEY_UIApplicationSupportsIndirectInputEvents = YES;
				INFOPLIST_KEY_UILaunchScreen_Generation = YES;
				INFOPLIST_KEY_UISupportedInterfaceOrientations_iPad = "UIInterfaceOrientationPortrait UIInterfaceOrientationPortraitUpsideDown UIInterfaceOrientationLandscapeLeft UIInterfaceOrientationLandscapeRight";
				INFOPLIST_KEY_UISupportedInterfaceOrientations_iPhone = "UIInterfaceOrientationPortrait UIInterfaceOrientationLandscapeLeft UIInterfaceOrientationLandscapeRight";
				LD_RUNPATH_SEARCH_PATHS = (
					"$(inherited)",
					"@executable_path/Frameworks",
				);
				MARKETING_VERSION = 1.0;
				PRODUCT_BUNDLE_IDENTIFIER = com.Pokedex;
				PRODUCT_NAME = "$(TARGET_NAME)";
				SWIFT_EMIT_LOC_STRINGS = YES;
				SWIFT_VERSION = 5.0;
				TARGETED_DEVICE_FAMILY = "1,2";
			};
			name = Release;
		};
/* End XCBuildConfiguration section */

/* Begin XCConfigurationList section */
		4A8E9C812A82F46500F8463E /* Build configuration list for PBXProject "Pokedex" */ = {
			isa = XCConfigurationList;
			buildConfigurations = (
				4A8E9C972A82F46600F8463E /* Debug */,
				4A8E9C982A82F46600F8463E /* Release */,
			);
			defaultConfigurationIsVisible = 0;
			defaultConfigurationName = Release;
		};
		4A8E9C992A82F46600F8463E /* Build configuration list for PBXNativeTarget "Pokedex" */ = {
			isa = XCConfigurationList;
			buildConfigurations = (
				4A8E9C9A2A82F46600F8463E /* Debug */,
				4A8E9C9B2A82F46600F8463E /* Release */,
			);
			defaultConfigurationIsVisible = 0;
			defaultConfigurationName = Release;
		};
/* End XCConfigurationList section */

/* Begin XCVersionGroup section */
		4A8E9C942A82F46600F8463E /* Pokedex.xcdatamodeld */ = {
			isa = XCVersionGroup;
			children = (
				4A8E9C952A82F46600F8463E /* Pokedex.xcdatamodel */,
			);
			currentVersion = 4A8E9C952A82F46600F8463E /* Pokedex.xcdatamodel */;
			path = Pokedex.xcdatamodeld;
			sourceTree = "<group>";
			versionGroupType = wrapper.xcdatamodel;
		};
/* End XCVersionGroup section */
	};
	rootObject = 4A8E9C7E2A82F46500F8463E /* Project object */;
}
